
Microsoft Visual Studio Solution File, Format Version 12.00
# Visual Studio Version 17
VisualStudioVersion = 17.12.35323.107
MinimumVisualStudioVersion = 10.0.40219.1
Project("{FAE04EC0-301F-11D3-BF4B-00C04F79EFBC}") = "01_mainsubject", "01_mainsubject\01_mainsubject.csproj", "{0EC5140A-B3BB-4497-BE68-790313CC1EE7}"
EndProject
Project("{FAE04EC0-301F-11D3-BF4B-00C04F79EFBC}") = "05_loopsWithStars", "05_loopsWithStars\05_loopsWithStars.csproj", "{82B30479-53CE-466B-B3A9-D1B331422F60}"
EndProject
Project("{FAE04EC0-301F-11D3-BF4B-00C04F79EFBC}") = "06_arrays", "06_arrays\06_arrays.csproj", "{DEA1932E-536E-4E70-9264-B8696731E1E2}"
EndProject
Project("{FAE04EC0-301F-11D3-BF4B-00C04F79EFBC}") = "07_foreachLoops", "07_foreachLoops\07_foreachLoops.csproj", "{65035F1B-07CC-4BFF-97A3-3D4A894A8009}"
EndProject
Global
	GlobalSection(SolutionConfigurationPlatforms) = preSolution
		Debug|Any CPU = Debug|Any CPU
		Release|Any CPU = Release|Any CPU
	EndGlobalSection
	GlobalSection(ProjectConfigurationPlatforms) = postSolution
		{0EC5140A-B3BB-4497-BE68-790313CC1EE7}.Debug|Any CPU.ActiveCfg = Debug|Any CPU
		{0EC5140A-B3BB-4497-BE68-790313CC1EE7}.Debug|Any CPU.Build.0 = Debug|Any CPU
		{0EC5140A-B3BB-4497-BE68-790313CC1EE7}.Release|Any CPU.ActiveCfg = Release|Any CPU
		{0EC5140A-B3BB-4497-BE68-790313CC1EE7}.Release|Any CPU.Build.0 = Release|Any CPU
		{82B30479-53CE-466B-B3A9-D1B331422F60}.Debug|Any CPU.ActiveCfg = Debug|Any CPU
		{82B30479-53CE-466B-B3A9-D1B331422F60}.Debug|Any CPU.Build.0 = Debug|Any CPU
		{82B30479-53CE-466B-B3A9-D1B331422F60}.Release|Any CPU.ActiveCfg = Release|Any CPU
		{82B30479-53CE-466B-B3A9-D1B331422F60}.Release|Any CPU.Build.0 = Release|Any CPU
		{DEA1932E-536E-4E70-9264-B8696731E1E2}.Debug|Any CPU.ActiveCfg = Debug|Any CPU
		{DEA1932E-536E-4E70-9264-B8696731E1E2}.Debug|Any CPU.Build.0 = Debug|Any CPU
		{DEA1932E-536E-4E70-9264-B8696731E1E2}.Release|Any CPU.ActiveCfg = Release|Any CPU
		{DEA1932E-536E-4E70-9264-B8696731E1E2}.Release|Any CPU.Build.0 = Release|Any CPU
		{65035F1B-07CC-4BFF-97A3-3D4A894A8009}.Debug|Any CPU.ActiveCfg = Debug|Any CPU
		{65035F1B-07CC-4BFF-97A3-3D4A894A8009}.Debug|Any CPU.Build.0 = Debug|Any CPU
		{65035F1B-07CC-4BFF-97A3-3D4A894A8009}.Release|Any CPU.ActiveCfg = Release|Any CPU
		{65035F1B-07CC-4BFF-97A3-3D4A894A8009}.Release|Any CPU.Build.0 = Release|Any CPU
	EndGlobalSection
	GlobalSection(SolutionProperties) = preSolution
		HideSolutionNode = FALSE
	EndGlobalSection
	GlobalSection(ExtensibilityGlobals) = postSolution
		SolutionGuid = {5344FA53-FDA9-4C39-BF43-164997B6DBB4}
	EndGlobalSection
EndGlobal
