
Microsoft Visual Studio Solution File, Format Version 12.00
# Visual Studio Version 17
VisualStudioVersion = 17.12.35323.107
MinimumVisualStudioVersion = 10.0.40219.1
Project("{FAE04EC0-301F-11D3-BF4B-00C04F79EFBC}") = "01_mainsubject", "01_mainsubject\01_mainsubject.csproj", "{0EC5140A-B3BB-4497-BE68-790313CC1EE7}"
EndProject
Project("{FAE04EC0-301F-11D3-BF4B-00C04F79EFBC}") = "02_voluable", "02_voluable\02_voluable.csproj", "{CD9694AE-E52D-414F-BAC6-3DE212164658}"
EndProject
Project("{FAE04EC0-301F-11D3-BF4B-00C04F79EFBC}") = "03_MakingDecisions", "03_MakingDecisions\03_MakingDecisions.csproj", "{C6C28607-2A17-4995-BF38-BFB87891B213}"
EndProject
Global
	GlobalSection(SolutionConfigurationPlatforms) = preSolution
		Debug|Any CPU = Debug|Any CPU
		Release|Any CPU = Release|Any CPU
	EndGlobalSection
	GlobalSection(ProjectConfigurationPlatforms) = postSolution
		{0EC5140A-B3BB-4497-BE68-790313CC1EE7}.Debug|Any CPU.ActiveCfg = Debug|Any CPU
		{0EC5140A-B3BB-4497-BE68-790313CC1EE7}.Debug|Any CPU.Build.0 = Debug|Any CPU
		{0EC5140A-B3BB-4497-BE68-790313CC1EE7}.Release|Any CPU.ActiveCfg = Release|Any CPU
		{0EC5140A-B3BB-4497-BE68-790313CC1EE7}.Release|Any CPU.Build.0 = Release|Any CPU
		{CD9694AE-E52D-414F-BAC6-3DE212164658}.Debug|Any CPU.ActiveCfg = Debug|Any CPU
		{CD9694AE-E52D-414F-BAC6-3DE212164658}.Debug|Any CPU.Build.0 = Debug|Any CPU
		{CD9694AE-E52D-414F-BAC6-3DE212164658}.Release|Any CPU.ActiveCfg = Release|Any CPU
		{CD9694AE-E52D-414F-BAC6-3DE212164658}.Release|Any CPU.Build.0 = Release|Any CPU
		{C6C28607-2A17-4995-BF38-BFB87891B213}.Debug|Any CPU.ActiveCfg = Debug|Any CPU
		{C6C28607-2A17-4995-BF38-BFB87891B213}.Debug|Any CPU.Build.0 = Debug|Any CPU
		{C6C28607-2A17-4995-BF38-BFB87891B213}.Release|Any CPU.ActiveCfg = Release|Any CPU
		{C6C28607-2A17-4995-BF38-BFB87891B213}.Release|Any CPU.Build.0 = Release|Any CPU
	EndGlobalSection
	GlobalSection(SolutionProperties) = preSolution
		HideSolutionNode = FALSE
	EndGlobalSection
	GlobalSection(ExtensibilityGlobals) = postSolution
		SolutionGuid = {5344FA53-FDA9-4C39-BF43-164997B6DBB4}
	EndGlobalSection
EndGlobal
